Microsoft Visual Studio Solution File, Format Version 12.00
# Visual Studio Version 17
VisualStudioVersion = 17.5.2.0
MinimumVisualStudioVersion = 10.0.40219.1
Project("{2150E333-8FDC-42A3-9474-1A3956D46DE8}") = "Buoi1", "Buoi1", "{4647F811-8101-B3BF-6335-55584247B4F7}"
EndProject
Project("{2150E333-8FDC-42A3-9474-1A3956D46DE8}") = "Buoi1_BaiTapCoBan", "Buoi1_BaiTapCoBan", "{83AEA81B-ECD0-6845-6E49-AB4D2AB647F8}"
EndProject
Project("{FAE04EC0-301F-11D3-BF4B-00C04F79EFBC}") = "Bai1_InNhan", "Buoi1\Buoi1_BaiTapCoBan\Bai1_InNhan\Bai1_InNhan.csproj", "{72719892-54AC-76FF-2C8B-32668DFD95FD}"
EndProject
Project("{FAE04EC0-301F-11D3-BF4B-00C04F79EFBC}") = "Bai1_InNhanTest", "Buoi1\Buoi1_BaiTapCoBan\Bai1_InNhanTest\Bai1_InNhanTest.csproj", "{F17419DB-3307-3F03-67FA-35EC0CC3D2F1}"
EndProject
Project("{2150E333-8FDC-42A3-9474-1A3956D46DE8}") = "Bai2_CVi_DtHinhTron", "Bai2_CVi_DtHinhTron", "{A184F5A7-EFEA-E5D5-FD29-DAABAF180D40}"
EndProject
Project("{FAE04EC0-301F-11D3-BF4B-00C04F79EFBC}") = "BT2", "Buoi1\Buoi1_BaiTapCoBan\Bai2_CVi_DtHinhTron\BT2.csproj", "{CCCED5DE-5D74-A7BD-CB94-437844055556}"
EndProject
Project("{FAE04EC0-301F-11D3-BF4B-00C04F79EFBC}") = "Bai3_DoiSangGiay", "Buoi1\Buoi1_BaiTapCoBan\Bai3_DoiSangGiay\Bai3_DoiSangGiay.csproj", "{153E5390-FE89-9415-C026-0C141E1CBF1A}"
EndProject
Project("{FAE04EC0-301F-11D3-BF4B-00C04F79EFBC}") = "Bai3_DoiSangGiayTest", "Buoi1\Buoi1_BaiTapCoBan\Bai3_DoiSangGiayTest\Bai3_DoiSangGiayTest.csproj", "{2CA9D75B-98DB-FDD0-57A5-E8267DA3A326}"
EndProject
Project("{FAE04EC0-301F-11D3-BF4B-00C04F79EFBC}") = "Bai6_SoMu", "Buoi1\Buoi1_BaiTapCoBan\Bai6_SoMu\Bai6_SoMu.csproj", "{ADD1D75F-869D-3A91-AEA9-490338A905C3}"
EndProject
Project("{FAE04EC0-301F-11D3-BF4B-00C04F79EFBC}") = "Bai6_SoMuTest", "Buoi1\Buoi1_BaiTapCoBan\Bai6_SoMuTest\Bai6_SoMuTest.csproj", "{06DDFAEE-9278-8D2B-305E-5193CC257636}"
EndProject
Project("{FAE04EC0-301F-11D3-BF4B-00C04F79EFBC}") = "BT02", "Buoi1\Buoi1_BaiTapCoBan\BT02\BT02.csproj", "{B53EA74F-9D6D-99C5-649C-4340D5C8FE7A}"
EndProject
Project("{FAE04EC0-301F-11D3-BF4B-00C04F79EFBC}") = "BT02Test", "Buoi1\Buoi1_BaiTapCoBan\BT02Test\BT02Test.csproj", "{1D728DD5-249A-880C-AD4E-AC8018A56BF0}"
EndProject
Project("{FAE04EC0-301F-11D3-BF4B-00C04F79EFBC}") = "BT04", "Buoi1\Buoi1_BaiTapCoBan\BT04\BT04.csproj", "{22286C9E-7D89-D7C5-9C8B-1A8C87F74C72}"
EndProject
Project("{FAE04EC0-301F-11D3-BF4B-00C04F79EFBC}") = "BT04Test", "Buoi1\Buoi1_BaiTapCoBan\BT04Test\BT04Test.csproj", "{EA34A160-A197-7E7E-9363-94EAC11F300A}"
EndProject
Project("{FAE04EC0-301F-11D3-BF4B-00C04F79EFBC}") = "BT05", "Buoi1\Buoi1_BaiTapCoBan\BT05\BT05.csproj", "{D3BF9268-3BD4-BCE2-31E1-724A1E596970}"
EndProject
Project("{FAE04EC0-301F-11D3-BF4B-00C04F79EFBC}") = "BT05Test", "Buoi1\Buoi1_BaiTapCoBan\BT05Test\BT05Test.csproj", "{AE12CF09-7E66-2C35-7F28-B73957C7D1CA}"
EndProject
Project("{2150E333-8FDC-42A3-9474-1A3956D46DE8}") = "Buoi1_BaiTapNangCao", "Buoi1_BaiTapNangCao", "{9CB978A5-0A66-6DCB-BCFC-E9218BC93B40}"
EndProject
Project("{2150E333-8FDC-42A3-9474-1A3956D46DE8}") = "Bai1", "Bai1", "{A95CF905-2779-1C39-405C-7E73DDCB91A4}"
EndProject
Project("{FAE04EC0-301F-11D3-BF4B-00C04F79EFBC}") = "Bai1_TinhKhoangCach", "Buoi1\Buoi1_BaiTapNangCao\Bai1\Bai1_TinhKhoangCach\Bai1_TinhKhoangCach.csproj", "{C6EE2042-53A2-F2BD-8673-A512CE65B94A}"
EndProject
Project("{FAE04EC0-301F-11D3-BF4B-00C04F79EFBC}") = "Bai1_TinhKhoangCachTest", "Buoi1\Buoi1_BaiTapNangCao\Bai1\Bai1_TinhKhoangCachTest\Bai1_TinhKhoangCachTest.csproj", "{E959870E-66B2-88D2-B8F7-B8B0C8EEA344}"
EndProject
Project("{2150E333-8FDC-42A3-9474-1A3956D46DE8}") = "Bai2", "Bai2", "{B071B10C-4EF1-4C67-EEDC-F6BA1BA2FEDD}"
EndProject
Project("{FAE04EC0-301F-11D3-BF4B-00C04F79EFBC}") = "Bai2_DoSangRadian", "Buoi1\Buoi1_BaiTapNangCao\Bai2\Bai2_DoSangRadian\Bai2_DoSangRadian.csproj", "{F8E2F2E3-B6E1-D468-06D9-D038D3B01DC8}"
EndProject
Project("{FAE04EC0-301F-11D3-BF4B-00C04F79EFBC}") = "Bai2_DoSangRadianTest", "Buoi1\Buoi1_BaiTapNangCao\Bai2\Bai2_DoSangRadianTest\Bai2_DoSangRadianTest.csproj", "{AEE2149D-9382-217F-B575-7D032D23ACD0}"
EndProject
Project("{2150E333-8FDC-42A3-9474-1A3956D46DE8}") = "Bai3", "Bai3", "{B77E6A13-A8FD-8998-BE8F-1FC086C246AE}"
EndProject
Project("{FAE04EC0-301F-11D3-BF4B-00C04F79EFBC}") = "Bai3_HamSo1", "Buoi1\Buoi1_BaiTapNangCao\Bai3\Bai3_HamSo1\Bai3_HamSo1.csproj", "{0B5F411E-F99C-A164-0079-60690D39C34C}"
EndProject
Project("{FAE04EC0-301F-11D3-BF4B-00C04F79EFBC}") = "Bai3_HamSo1Test", "Buoi1\Buoi1_BaiTapNangCao\Bai3\Bai3_HamSo1Test\Bai3_HamSo1Test.csproj", "{88A6446E-631B-B074-C9AF-C4E0195C8CB2}"
EndProject
Project("{2150E333-8FDC-42A3-9474-1A3956D46DE8}") = "Bai4", "Bai4", "{75A2E3B1-7D7B-A905-0799-7EC820CB00C1}"
EndProject
Project("{FAE04EC0-301F-11D3-BF4B-00C04F79EFBC}") = "Bai4_TinhCan", "Buoi1\Buoi1_BaiTapNangCao\Bai4\Bai4_TinhCan\Bai4_TinhCan.csproj", "{7E6F1D17-F4FE-3E5F-1726-F9E45548EB95}"
EndProject
Project("{FAE04EC0-301F-11D3-BF4B-00C04F79EFBC}") = "Bai4_TinhCanTest", "Buoi1\Buoi1_BaiTapNangCao\Bai4\Bai4_TinhCanTest\Bai4_TinhCanTest.csproj", "{F6D02EB6-9C65-B7F7-D4A2-2DBDDDBE58D0}"
EndProject
Project("{2150E333-8FDC-42A3-9474-1A3956D46DE8}") = "Bai5", "Bai5", "{DEBF400C-DF66-F18C-47C2-652F7EC0A8AD}"
EndProject
Project("{FAE04EC0-301F-11D3-BF4B-00C04F79EFBC}") = "Bai5_DaoSo", "Buoi1\Buoi1_BaiTapNangCao\Bai5\Bai5_DaoSo\Bai5_DaoSo.csproj", "{AC5D6C2D-2007-D746-EE06-F142CBF577D0}"
EndProject
Project("{FAE04EC0-301F-11D3-BF4B-00C04F79EFBC}") = "Bai5_DaoSoTest", "Buoi1\Buoi1_BaiTapNangCao\Bai5\Bai5_DaoSoTest\Bai5_DaoSoTest.csproj", "{C0B9A54F-9FF8-AFB0-AB7F-2C17F2C3500E}"
EndProject
Global
	GlobalSection(SolutionConfigurationPlatforms) = preSolution
		Debug|Any CPU = Debug|Any CPU
		Release|Any CPU = Release|Any CPU
	EndGlobalSection
	GlobalSection(ProjectConfigurationPlatforms) = postSolution
		{72719892-54AC-76FF-2C8B-32668DFD95FD}.Debug|Any CPU.ActiveCfg = Debug|Any CPU
		{72719892-54AC-76FF-2C8B-32668DFD95FD}.Debug|Any CPU.Build.0 = Debug|Any CPU
		{72719892-54AC-76FF-2C8B-32668DFD95FD}.Release|Any CPU.ActiveCfg = Release|Any CPU
		{72719892-54AC-76FF-2C8B-32668DFD95FD}.Release|Any CPU.Build.0 = Release|Any CPU
		{F17419DB-3307-3F03-67FA-35EC0CC3D2F1}.Debug|Any CPU.ActiveCfg = Debug|Any CPU
		{F17419DB-3307-3F03-67FA-35EC0CC3D2F1}.Debug|Any CPU.Build.0 = Debug|Any CPU
		{F17419DB-3307-3F03-67FA-35EC0CC3D2F1}.Release|Any CPU.ActiveCfg = Release|Any CPU
		{F17419DB-3307-3F03-67FA-35EC0CC3D2F1}.Release|Any CPU.Build.0 = Release|Any CPU
		{CCCED5DE-5D74-A7BD-CB94-437844055556}.Debug|Any CPU.ActiveCfg = Debug|Any CPU
		{CCCED5DE-5D74-A7BD-CB94-437844055556}.Debug|Any CPU.Build.0 = Debug|Any CPU
		{CCCED5DE-5D74-A7BD-CB94-437844055556}.Release|Any CPU.ActiveCfg = Release|Any CPU
		{CCCED5DE-5D74-A7BD-CB94-437844055556}.Release|Any CPU.Build.0 = Release|Any CPU
		{153E5390-FE89-9415-C026-0C141E1CBF1A}.Debug|Any CPU.ActiveCfg = Debug|Any CPU
		{153E5390-FE89-9415-C026-0C141E1CBF1A}.Debug|Any CPU.Build.0 = Debug|Any CPU
		{153E5390-FE89-9415-C026-0C141E1CBF1A}.Release|Any CPU.ActiveCfg = Release|Any CPU
		{153E5390-FE89-9415-C026-0C141E1CBF1A}.Release|Any CPU.Build.0 = Release|Any CPU
		{2CA9D75B-98DB-FDD0-57A5-E8267DA3A326}.Debug|Any CPU.ActiveCfg = Debug|Any CPU
		{2CA9D75B-98DB-FDD0-57A5-E8267DA3A326}.Debug|Any CPU.Build.0 = Debug|Any CPU
		{2CA9D75B-98DB-FDD0-57A5-E8267DA3A326}.Release|Any CPU.ActiveCfg = Release|Any CPU
		{2CA9D75B-98DB-FDD0-57A5-E8267DA3A326}.Release|Any CPU.Build.0 = Release|Any CPU
		{ADD1D75F-869D-3A91-AEA9-490338A905C3}.Debug|Any CPU.ActiveCfg = Debug|Any CPU
		{ADD1D75F-869D-3A91-AEA9-490338A905C3}.Debug|Any CPU.Build.0 = Debug|Any CPU
		{ADD1D75F-869D-3A91-AEA9-490338A905C3}.Release|Any CPU.ActiveCfg = Release|Any CPU
		{ADD1D75F-869D-3A91-AEA9-490338A905C3}.Release|Any CPU.Build.0 = Release|Any CPU
		{06DDFAEE-9278-8D2B-305E-5193CC257636}.Debug|Any CPU.ActiveCfg = Debug|Any CPU
		{06DDFAEE-9278-8D2B-305E-5193CC257636}.Debug|Any CPU.Build.0 = Debug|Any CPU
		{06DDFAEE-9278-8D2B-305E-5193CC257636}.Release|Any CPU.ActiveCfg = Release|Any CPU
		{06DDFAEE-9278-8D2B-305E-5193CC257636}.Release|Any CPU.Build.0 = Release|Any CPU
		{B53EA74F-9D6D-99C5-649C-4340D5C8FE7A}.Debug|Any CPU.ActiveCfg = Debug|Any CPU
		{B53EA74F-9D6D-99C5-649C-4340D5C8FE7A}.Debug|Any CPU.Build.0 = Debug|Any CPU
		{B53EA74F-9D6D-99C5-649C-4340D5C8FE7A}.Release|Any CPU.ActiveCfg = Release|Any CPU
		{B53EA74F-9D6D-99C5-649C-4340D5C8FE7A}.Release|Any CPU.Build.0 = Release|Any CPU
		{1D728DD5-249A-880C-AD4E-AC8018A56BF0}.Debug|Any CPU.ActiveCfg = Debug|Any CPU
		{1D728DD5-249A-880C-AD4E-AC8018A56BF0}.Debug|Any CPU.Build.0 = Debug|Any CPU
		{1D728DD5-249A-880C-AD4E-AC8018A56BF0}.Release|Any CPU.ActiveCfg = Release|Any CPU
		{1D728DD5-249A-880C-AD4E-AC8018A56BF0}.Release|Any CPU.Build.0 = Release|Any CPU
		{22286C9E-7D89-D7C5-9C8B-1A8C87F74C72}.Debug|Any CPU.ActiveCfg = Debug|Any CPU
		{22286C9E-7D89-D7C5-9C8B-1A8C87F74C72}.Debug|Any CPU.Build.0 = Debug|Any CPU
		{22286C9E-7D89-D7C5-9C8B-1A8C87F74C72}.Release|Any CPU.ActiveCfg = Release|Any CPU
		{22286C9E-7D89-D7C5-9C8B-1A8C87F74C72}.Release|Any CPU.Build.0 = Release|Any CPU
		{EA34A160-A197-7E7E-9363-94EAC11F300A}.Debug|Any CPU.ActiveCfg = Debug|Any CPU
		{EA34A160-A197-7E7E-9363-94EAC11F300A}.Debug|Any CPU.Build.0 = Debug|Any CPU
		{EA34A160-A197-7E7E-9363-94EAC11F300A}.Release|Any CPU.ActiveCfg = Release|Any CPU
		{EA34A160-A197-7E7E-9363-94EAC11F300A}.Release|Any CPU.Build.0 = Release|Any CPU
		{D3BF9268-3BD4-BCE2-31E1-724A1E596970}.Debug|Any CPU.ActiveCfg = Debug|Any CPU
		{D3BF9268-3BD4-BCE2-31E1-724A1E596970}.Debug|Any CPU.Build.0 = Debug|Any CPU
		{D3BF9268-3BD4-BCE2-31E1-724A1E596970}.Release|Any CPU.ActiveCfg = Release|Any CPU
		{D3BF9268-3BD4-BCE2-31E1-724A1E596970}.Release|Any CPU.Build.0 = Release|Any CPU
		{AE12CF09-7E66-2C35-7F28-B73957C7D1CA}.Debug|Any CPU.ActiveCfg = Debug|Any CPU
		{AE12CF09-7E66-2C35-7F28-B73957C7D1CA}.Debug|Any CPU.Build.0 = Debug|Any CPU
		{AE12CF09-7E66-2C35-7F28-B73957C7D1CA}.Release|Any CPU.ActiveCfg = Release|Any CPU
		{AE12CF09-7E66-2C35-7F28-B73957C7D1CA}.Release|Any CPU.Build.0 = Release|Any CPU
		{C6EE2042-53A2-F2BD-8673-A512CE65B94A}.Debug|Any CPU.ActiveCfg = Debug|Any CPU
		{C6EE2042-53A2-F2BD-8673-A512CE65B94A}.Debug|Any CPU.Build.0 = Debug|Any CPU
		{C6EE2042-53A2-F2BD-8673-A512CE65B94A}.Release|Any CPU.ActiveCfg = Release|Any CPU
		{C6EE2042-53A2-F2BD-8673-A512CE65B94A}.Release|Any CPU.Build.0 = Release|Any CPU
		{E959870E-66B2-88D2-B8F7-B8B0C8EEA344}.Debug|Any CPU.ActiveCfg = Debug|Any CPU
		{E959870E-66B2-88D2-B8F7-B8B0C8EEA344}.Debug|Any CPU.Build.0 = Debug|Any CPU
		{E959870E-66B2-88D2-B8F7-B8B0C8EEA344}.Release|Any CPU.ActiveCfg = Release|Any CPU
		{E959870E-66B2-88D2-B8F7-B8B0C8EEA344}.Release|Any CPU.Build.0 = Release|Any CPU
		{F8E2F2E3-B6E1-D468-06D9-D038D3B01DC8}.Debug|Any CPU.ActiveCfg = Debug|Any CPU
		{F8E2F2E3-B6E1-D468-06D9-D038D3B01DC8}.Debug|Any CPU.Build.0 = Debug|Any CPU
		{F8E2F2E3-B6E1-D468-06D9-D038D3B01DC8}.Release|Any CPU.ActiveCfg = Release|Any CPU
		{F8E2F2E3-B6E1-D468-06D9-D038D3B01DC8}.Release|Any CPU.Build.0 = Release|Any CPU
		{AEE2149D-9382-217F-B575-7D032D23ACD0}.Debug|Any CPU.ActiveCfg = Debug|Any CPU
		{AEE2149D-9382-217F-B575-7D032D23ACD0}.Debug|Any CPU.Build.0 = Debug|Any CPU
		{AEE2149D-9382-217F-B575-7D032D23ACD0}.Release|Any CPU.ActiveCfg = Release|Any CPU
		{AEE2149D-9382-217F-B575-7D032D23ACD0}.Release|Any CPU.Build.0 = Release|Any CPU
		{0B5F411E-F99C-A164-0079-60690D39C34C}.Debug|Any CPU.ActiveCfg = Debug|Any CPU
		{0B5F411E-F99C-A164-0079-60690D39C34C}.Debug|Any CPU.Build.0 = Debug|Any CPU
		{0B5F411E-F99C-A164-0079-60690D39C34C}.Release|Any CPU.ActiveCfg = Release|Any CPU
		{0B5F411E-F99C-A164-0079-60690D39C34C}.Release|Any CPU.Build.0 = Release|Any CPU
		{88A6446E-631B-B074-C9AF-C4E0195C8CB2}.Debug|Any CPU.ActiveCfg = Debug|Any CPU
		{88A6446E-631B-B074-C9AF-C4E0195C8CB2}.Debug|Any CPU.Build.0 = Debug|Any CPU
		{88A6446E-631B-B074-C9AF-C4E0195C8CB2}.Release|Any CPU.ActiveCfg = Release|Any CPU
		{88A6446E-631B-B074-C9AF-C4E0195C8CB2}.Release|Any CPU.Build.0 = Release|Any CPU
		{7E6F1D17-F4FE-3E5F-1726-F9E45548EB95}.Debug|Any CPU.ActiveCfg = Debug|Any CPU
		{7E6F1D17-F4FE-3E5F-1726-F9E45548EB95}.Debug|Any CPU.Build.0 = Debug|Any CPU
		{7E6F1D17-F4FE-3E5F-1726-F9E45548EB95}.Release|Any CPU.ActiveCfg = Release|Any CPU
		{7E6F1D17-F4FE-3E5F-1726-F9E45548EB95}.Release|Any CPU.Build.0 = Release|Any CPU
		{F6D02EB6-9C65-B7F7-D4A2-2DBDDDBE58D0}.Debug|Any CPU.ActiveCfg = Debug|Any CPU
		{F6D02EB6-9C65-B7F7-D4A2-2DBDDDBE58D0}.Debug|Any CPU.Build.0 = Debug|Any CPU
		{F6D02EB6-9C65-B7F7-D4A2-2DBDDDBE58D0}.Release|Any CPU.ActiveCfg = Release|Any CPU
		{F6D02EB6-9C65-B7F7-D4A2-2DBDDDBE58D0}.Release|Any CPU.Build.0 = Release|Any CPU
		{AC5D6C2D-2007-D746-EE06-F142CBF577D0}.Debug|Any CPU.ActiveCfg = Debug|Any CPU
		{AC5D6C2D-2007-D746-EE06-F142CBF577D0}.Debug|Any CPU.Build.0 = Debug|Any CPU
		{AC5D6C2D-2007-D746-EE06-F142CBF577D0}.Release|Any CPU.ActiveCfg = Release|Any CPU
		{AC5D6C2D-2007-D746-EE06-F142CBF577D0}.Release|Any CPU.Build.0 = Release|Any CPU
		{C0B9A54F-9FF8-AFB0-AB7F-2C17F2C3500E}.Debug|Any CPU.ActiveCfg = Debug|Any CPU
		{C0B9A54F-9FF8-AFB0-AB7F-2C17F2C3500E}.Debug|Any CPU.Build.0 = Debug|Any CPU
		{C0B9A54F-9FF8-AFB0-AB7F-2C17F2C3500E}.Release|Any CPU.ActiveCfg = Release|Any CPU
		{C0B9A54F-9FF8-AFB0-AB7F-2C17F2C3500E}.Release|Any CPU.Build.0 = Release|Any CPU
	EndGlobalSection
	GlobalSection(SolutionProperties) = preSolution
		HideSolutionNode = FALSE
	EndGlobalSection
	GlobalSection(NestedProjects) = preSolution
		{83AEA81B-ECD0-6845-6E49-AB4D2AB647F8} = {4647F811-8101-B3BF-6335-55584247B4F7}
		{72719892-54AC-76FF-2C8B-32668DFD95FD} = {83AEA81B-ECD0-6845-6E49-AB4D2AB647F8}
		{F17419DB-3307-3F03-67FA-35EC0CC3D2F1} = {83AEA81B-ECD0-6845-6E49-AB4D2AB647F8}
		{A184F5A7-EFEA-E5D5-FD29-DAABAF180D40} = {83AEA81B-ECD0-6845-6E49-AB4D2AB647F8}
		{CCCED5DE-5D74-A7BD-CB94-437844055556} = {A184F5A7-EFEA-E5D5-FD29-DAABAF180D40}
		{153E5390-FE89-9415-C026-0C141E1CBF1A} = {83AEA81B-ECD0-6845-6E49-AB4D2AB647F8}
		{2CA9D75B-98DB-FDD0-57A5-E8267DA3A326} = {83AEA81B-ECD0-6845-6E49-AB4D2AB647F8}
		{ADD1D75F-869D-3A91-AEA9-490338A905C3} = {83AEA81B-ECD0-6845-6E49-AB4D2AB647F8}
		{06DDFAEE-9278-8D2B-305E-5193CC257636} = {83AEA81B-ECD0-6845-6E49-AB4D2AB647F8}
		{B53EA74F-9D6D-99C5-649C-4340D5C8FE7A} = {83AEA81B-ECD0-6845-6E49-AB4D2AB647F8}
		{1D728DD5-249A-880C-AD4E-AC8018A56BF0} = {83AEA81B-ECD0-6845-6E49-AB4D2AB647F8}
		{22286C9E-7D89-D7C5-9C8B-1A8C87F74C72} = {83AEA81B-ECD0-6845-6E49-AB4D2AB647F8}
		{EA34A160-A197-7E7E-9363-94EAC11F300A} = {83AEA81B-ECD0-6845-6E49-AB4D2AB647F8}
		{D3BF9268-3BD4-BCE2-31E1-724A1E596970} = {83AEA81B-ECD0-6845-6E49-AB4D2AB647F8}
		{AE12CF09-7E66-2C35-7F28-B73957C7D1CA} = {83AEA81B-ECD0-6845-6E49-AB4D2AB647F8}
		{9CB978A5-0A66-6DCB-BCFC-E9218BC93B40} = {4647F811-8101-B3BF-6335-55584247B4F7}
		{A95CF905-2779-1C39-405C-7E73DDCB91A4} = {9CB978A5-0A66-6DCB-BCFC-E9218BC93B40}
		{C6EE2042-53A2-F2BD-8673-A512CE65B94A} = {A95CF905-2779-1C39-405C-7E73DDCB91A4}
		{E959870E-66B2-88D2-B8F7-B8B0C8EEA344} = {A95CF905-2779-1C39-405C-7E73DDCB91A4}
		{B071B10C-4EF1-4C67-EEDC-F6BA1BA2FEDD} = {9CB978A5-0A66-6DCB-BCFC-E9218BC93B40}
		{F8E2F2E3-B6E1-D468-06D9-D038D3B01DC8} = {B071B10C-4EF1-4C67-EEDC-F6BA1BA2FEDD}
		{AEE2149D-9382-217F-B575-7D032D23ACD0} = {B071B10C-4EF1-4C67-EEDC-F6BA1BA2FEDD}
		{B77E6A13-A8FD-8998-BE8F-1FC086C246AE} = {9CB978A5-0A66-6DCB-BCFC-E9218BC93B40}
		{0B5F411E-F99C-A164-0079-60690D39C34C} = {B77E6A13-A8FD-8998-BE8F-1FC086C246AE}
		{88A6446E-631B-B074-C9AF-C4E0195C8CB2} = {B77E6A13-A8FD-8998-BE8F-1FC086C246AE}
		{75A2E3B1-7D7B-A905-0799-7EC820CB00C1} = {9CB978A5-0A66-6DCB-BCFC-E9218BC93B40}
		{7E6F1D17-F4FE-3E5F-1726-F9E45548EB95} = {75A2E3B1-7D7B-A905-0799-7EC820CB00C1}
		{F6D02EB6-9C65-B7F7-D4A2-2DBDDDBE58D0} = {75A2E3B1-7D7B-A905-0799-7EC820CB00C1}
		{DEBF400C-DF66-F18C-47C2-652F7EC0A8AD} = {9CB978A5-0A66-6DCB-BCFC-E9218BC93B40}
		{AC5D6C2D-2007-D746-EE06-F142CBF577D0} = {DEBF400C-DF66-F18C-47C2-652F7EC0A8AD}
		{C0B9A54F-9FF8-AFB0-AB7F-2C17F2C3500E} = {DEBF400C-DF66-F18C-47C2-652F7EC0A8AD}
	EndGlobalSection
	GlobalSection(ExtensibilityGlobals) = postSolution
		SolutionGuid = {041E7933-11A7-4391-B1DA-B766B1792E88}
	EndGlobalSection
EndGlobal
